// !$*UTF8*$!
{
	archiveVersion = 1;
	classes = {
	};
	objectVersion = 110;
	objects = {

/* Begin PBXBuildFile section */
		3FA0000000000000000000A1 /* WebRTC in Frameworks */ = {isa = PBXBuildFile; productRef = 3FA0000000000000000000C1 /* WebRTC */; };
		3FA0000000000000000000A2 /* SocketIO in Frameworks */ = {isa = PBXBuildFile; productRef = 3FA0000000000000000000C2 /* SocketIO */; };
		3FEEC0DE0000000000000004 /* WebRTC in Frameworks */ = {isa = PBXBuildFile; productRef = 3FEEC0DE0000000000000014 /* WebRTC */; };
		3FEEC0DE0000000000000005 /* SocketIO in Frameworks */ = {isa = PBXBuildFile; productRef = 3FEEC0DE0000000000000015 /* SocketIO */; };
/* End PBXBuildFile section */

/* Begin PBXFileReference section */
		3F356065301249A4000FF498 /* Poof.app */ = {isa = PBXFileReference; explicitFileType = wrapper.application; includeInIndex = 0; path = Poof.app; sourceTree = BUILT_PRODUCTS_DIR; };
		3FFC612630226C0200B513EF /* PoofMac.app */ = {isa = PBXFileReference; explicitFileType = wrapper.application; includeInIndex = 0; path = PoofMac.app; sourceTree = BUILT_PRODUCTS_DIR; };
		4A00000000000000000000E7 /* ShareExtension.appex */ = {isa = PBXFileReference; explicitFileType = "wrapper.app-extension"; includeInIndex = 0; path = ShareExtension.appex; sourceTree = BUILT_PRODUCTS_DIR; };
		4C00000000000000000000E7 /* PoofWidgets.appex */ = {isa = PBXFileReference; explicitFileType = "wrapper.app-extension"; includeInIndex = 0; path = PoofWidgets.appex; sourceTree = BUILT_PRODUCTS_DIR; };
/* End PBXFileReference section */

/* Begin PBXFileSystemSynchronizedBuildFileExceptionSet section */
		3FEEC0DE0000000000000002 /* Exceptions for "Shared" folder in "ShareExtension" target */ = {
			isa = PBXFileSystemSynchronizedBuildFileExceptionSet;
			membershipExceptions = (
				SharedStore.swift,
			);
			target = 4A00000000000000000000E1 /* ShareExtension */;
		};
/* End PBXFileSystemSynchronizedBuildFileExceptionSet section */

/* Begin PBXFileSystemSynchronizedRootGroup section */
		3F356067301249A4000FF498 /* Poof */ = {
			isa = PBXFileSystemSynchronizedRootGroup;
			path = Poof;
			sourceTree = "<group>";
		};
		3FEEC0DE0000000000000001 /* Shared */ = {
			isa = PBXFileSystemSynchronizedRootGroup;
			exceptions = (
				3FEEC0DE0000000000000002 /* Exceptions for "Shared" folder in "ShareExtension" target */,
			);
			path = Shared;
			sourceTree = "<group>";
		};
		3FFC612730226C0200B513EF /* PoofMac */ = {
			isa = PBXFileSystemSynchronizedRootGroup;
			path = PoofMac;
			sourceTree = "<group>";
		};
		4A00000000000000000000E2 /* ShareExtension */ = {
			isa = PBXFileSystemSynchronizedRootGroup;
			path = ShareExtension;
			sourceTree = "<group>";
		};
		4C00000000000000000000E2 /* PoofWidgets */ = {
			isa = PBXFileSystemSynchronizedRootGroup;
			path = PoofWidgets;
			sourceTree = "<group>";
		};
/* End PBXFileSystemSynchronizedRootGroup section */

/* Begin PBXFrameworksBuildPhase section */
		3F356062301249A4000FF498 /* Frameworks */ = {
			isa = PBXFrameworksBuildPhase;
			files = (
				3FA0000000000000000000A1 /* WebRTC in Frameworks */,
				3FA0000000000000000000A2 /* SocketIO in Frameworks */,
			);
		};
		3FFC612330226C0200B513EF /* Frameworks */ = {
			isa = PBXFrameworksBuildPhase;
			files = (
				3FEEC0DE0000000000000004 /* WebRTC in Frameworks */,
				3FEEC0DE0000000000000005 /* SocketIO in Frameworks */,
			);
		};
		4A00000000000000000000E4 /* Frameworks */ = {
			isa = PBXFrameworksBuildPhase;
			files = (
			);
		};
		4C00000000000000000000E4 /* Frameworks */ = {
			isa = PBXFrameworksBuildPhase;
			files = (
			);
		};
/* End PBXFrameworksBuildPhase section */

/* Begin PBXGroup section */
		3F35605C301249A4000FF498 = {
			isa = PBXGroup;
			children = (
				3F356067301249A4000FF498 /* Poof */,
				3FEEC0DE0000000000000001 /* Shared */,
				4A00000000000000000000E2 /* ShareExtension */,
				4C00000000000000000000E2 /* PoofWidgets */,
				3FFC612730226C0200B513EF /* PoofMac */,
				3F356066301249A4000FF498 /* Products */,
			);
			sourceTree = "<group>";
		};
		3F356066301249A4000FF498 /* Products */ = {
			isa = PBXGroup;
			children = (
				3F356065301249A4000FF498 /* Poof.app */,
				4A00000000000000000000E7 /* ShareExtension.appex */,
				4C00000000000000000000E7 /* PoofWidgets.appex */,
				3FFC612630226C0200B513EF /* PoofMac.app */,
			);
			name = Products;
			sourceTree = "<group>";
		};
/* End PBXGroup section */

/* Begin PBXNativeTarget section */
		3F356064301249A4000FF498 /* Poof */ = {
			isa = PBXNativeTarget;
			buildConfigurationList = 3F356070301249A5000FF498 /* Build configuration list for PBXNativeTarget "Poof" */;
			buildPhases = (
				3F356061301249A4000FF498 /* Sources */,
				3F356062301249A4000FF498 /* Frameworks */,
				3F356063301249A4000FF498 /* Resources */,
				3F69DBA330211251003C1FA0 /* ShellScript */,
			);
			buildRules = (
			);
			fileSystemSynchronizedGroups = (
				3F356067301249A4000FF498 /* Poof */,
				3FEEC0DE0000000000000001 /* Shared */,
			);
			name = Poof;
			packageProductDependencies = (
				3FA0000000000000000000C1 /* WebRTC */,
				3FA0000000000000000000C2 /* SocketIO */,
			);
			productName = Poof;
			productReference = 3F356065301249A4000FF498 /* Poof.app */;
			productType = "com.apple.product-type.application";
		};
		3FFC612530226C0200B513EF /* PoofMac */ = {
			isa = PBXNativeTarget;
			buildConfigurationList = 3FFC612E30226C0300B513EF /* Build configuration list for PBXNativeTarget "PoofMac" */;
			buildPhases = (
				3FFC612230226C0200B513EF /* Sources */,
				3FFC612330226C0200B513EF /* Frameworks */,
				3FFC612430226C0200B513EF /* Resources */,
			);
			buildRules = (
			);
			fileSystemSynchronizedGroups = (
				3FEEC0DE0000000000000001 /* Shared */,
				3FFC612730226C0200B513EF /* PoofMac */,
			);
			name = PoofMac;
			packageProductDependencies = (
				3FEEC0DE0000000000000014 /* WebRTC */,
				3FEEC0DE0000000000000015 /* SocketIO */,
			);
			productName = PoofMac;
			productReference = 3FFC612630226C0200B513EF /* PoofMac.app */;
			productType = "com.apple.product-type.application";
		};
		4A00000000000000000000E1 /* ShareExtension */ = {
			isa = PBXNativeTarget;
			buildConfigurationList = 4A00000000000000000000EB /* Build configuration list for PBXNativeTarget "ShareExtension" */;
			buildPhases = (
				4A00000000000000000000E3 /* Sources */,
				4A00000000000000000000E4 /* Frameworks */,
				4A00000000000000000000E5 /* Resources */,
			);
			buildRules = (
			);
			fileSystemSynchronizedGroups = (
				4A00000000000000000000E2 /* ShareExtension */,
			);
			name = ShareExtension;
			productName = ShareExtension;
			productReference = 4A00000000000000000000E7 /* ShareExtension.appex */;
			productType = "com.apple.product-type.app-extension";
		};
		4C00000000000000000000E1 /* PoofWidgets */ = {
			isa = PBXNativeTarget;
			buildConfigurationList = 4C00000000000000000000EB /* Build configuration list for PBXNativeTarget "PoofWidgets" */;
			buildPhases = (
				4C00000000000000000000E3 /* Sources */,
				4C00000000000000000000E4 /* Frameworks */,
				4C00000000000000000000E5 /* Resources */,
			);
			buildRules = (
			);
			fileSystemSynchronizedGroups = (
				4C00000000000000000000E2 /* PoofWidgets */,
			);
			name = PoofWidgets;
			productName = PoofWidgets;
			productReference = 4C00000000000000000000E7 /* PoofWidgets.appex */;
			productType = "com.apple.product-type.app-extension";
		};
/* End PBXNativeTarget section */

/* Begin PBXProject section */
		3F35605D301249A4000FF498 /* Project object */ = {
			isa = PBXProject;
			attributes = {
				BuildIndependentTargetsInParallel = 1;
				LastSwiftUpdateCheck = 2700;
				LastUpgradeCheck = 2700;
				TargetAttributes = {
					3F356064301249A4000FF498 = {
						CreatedOnToolsVersion = 27.0;
					};
					3FFC612530226C0200B513EF = {
						CreatedOnToolsVersion = 27.0;
					};
					4A00000000000000000000E1 = {
						CreatedOnToolsVersion = 27.0;
					};
					4C00000000000000000000E1 = {
						CreatedOnToolsVersion = 27.0;
					};
				};
			};
			buildConfigurationList = 3F356060301249A4000FF498 /* Build configuration list for PBXProject "Poof" */;
			developmentRegion = en;
			hasScannedForEncodings = 0;
			knownRegions = (
				en,
				Base,
			);
			mainGroup = 3F35605C301249A4000FF498;
			minimizedProjectReferenceProxies = 1;
			packageReferences = (
				3FA0000000000000000000B1 /* XCRemoteSwiftPackageReference "WebRTC" */,
				3FA0000000000000000000B2 /* XCRemoteSwiftPackageReference "socket" */,
			);
			preferredProjectObjectVersion = 77;
			productRefGroup = 3F356066301249A4000FF498 /* Products */;
			projectDirPath = "";
			projectRoot = "";
			targets = (
				3F356064301249A4000FF498 /* Poof */,
				4A00000000000000000000E1 /* ShareExtension */,
				4C00000000000000000000E1 /* PoofWidgets */,
				3FFC612530226C0200B513EF /* PoofMac */,
			);
		};
/* End PBXProject section */

/* Begin PBXResourcesBuildPhase section */
		3F356063301249A4000FF498 /* Resources */ = {
			isa = PBXResourcesBuildPhase;
			files = (
			);
		};
		3FFC612430226C0200B513EF /* Resources */ = {
			isa = PBXResourcesBuildPhase;
			files = (
			);
		};
		4A00000000000000000000E5 /* Resources */ = {
			isa = PBXResourcesBuildPhase;
			files = (
			);
		};
		4C00000000000000000000E5 /* Resources */ = {
			isa = PBXResourcesBuildPhase;
			files = (
			);
		};
/* End PBXResourcesBuildPhase section */

/* Begin PBXShellScriptBuildPhase section */
		3F69DBA330211251003C1FA0 /* ShellScript */ = {
			isa = PBXShellScriptBuildPhase;
			alwaysOutOfDate = 1;
			shellPath = /bin/sh;
			shellScript = (
				"# Type a script or drag a script file from your workspace to insert its path.",
				" if [ -f \"/opt/homebrew/bin/swiftformat\" ]; then                                                                                                                                                                                            ",
				"      /opt/homebrew/bin/swiftformat \"$SRCROOT\"                                                                                                                                                                                               ",
				"  fi                                                                                                                                                                                                                                         ",
				"  if [ -f \"/opt/homebrew/bin/swiftlint\" ]; then                                                                                                                                                                                              ",
				"      /opt/homebrew/bin/swiftlint --config \"$SRCROOT/.swiftlint.yml\"                                                                                                                                                                         ",
				"  fi           ",
				"",
			);
		};
/* End PBXShellScriptBuildPhase section */

/* Begin PBXSourcesBuildPhase section */
		3F356061301249A4000FF498 /* Sources */ = {
			isa = PBXSourcesBuildPhase;
			files = (
			);
		};
		3FFC612230226C0200B513EF /* Sources */ = {
			isa = PBXSourcesBuildPhase;
			files = (
			);
		};
		4A00000000000000000000E3 /* Sources */ = {
			isa = PBXSourcesBuildPhase;
			files = (
			);
		};
		4C00000000000000000000E3 /* Sources */ = {
			isa = PBXSourcesBuildPhase;
			files = (
			);
		};
/* End PBXSourcesBuildPhase section */

/* Begin XCBuildConfiguration section */
		3F35606E301249A5000FF498 /* Debug configuration for PBXProject "Poof" */ = {
			isa = XCBuildConfiguration;
			buildSettings = {
				ALWAYS_SEARCH_USER_PATHS = NO;
				ASSETCATALOG_COMPILER_GENERATE_SWIFT_ASSET_SYMBOL_EXTENSIONS = YES;
				CLANG_ANALYZER_NONNULL = YES;
				CLANG_ANALYZER_NUMBER_OBJECT_CONVERSION = YES_AGGRESSIVE;
				CLANG_CXX_LANGUAGE_STANDARD = "gnu++20";
				CLANG_ENABLE_MODULES = YES;
				CLANG_ENABLE_OBJC_ARC = YES;
				CLANG_ENABLE_OBJC_WEAK = YES;
				CLANG_WARN_BLOCK_CAPTURE_AUTORELEASING = YES;
				CLANG_WARN_BOOL_CONVERSION = YES;
				CLANG_WARN_COMMA = YES;
				CLANG_WARN_CONSTANT_CONVERSION = YES;
				CLANG_WARN_DEPRECATED_OBJC_IMPLEMENTATIONS = YES;
				CLANG_WARN_DIRECT_OBJC_ISA_USAGE = YES_ERROR;
				CLANG_WARN_DOCUMENTATION_COMMENTS = YES;
				CLANG_WARN_EMPTY_BODY = YES;
				CLANG_WARN_ENUM_CONVERSION = YES;
				CLANG_WARN_INFINITE_RECURSION = YES;
				CLANG_WARN_INT_CONVERSION = YES;
				CLANG_WARN_NON_LITERAL_NULL_CONVERSION = YES;
				CLANG_WARN_OBJC_IMPLICIT_RETAIN_SELF = YES;
				CLANG_WARN_OBJC_LITERAL_CONVERSION = YES;
				CLANG_WARN_OBJC_ROOT_CLASS = YES_ERROR;
				CLANG_WARN_QUOTED_INCLUDE_IN_FRAMEWORK_HEADER = YES;
				CLANG_WARN_RANGE_LOOP_ANALYSIS = YES;
				CLANG_WARN_STRICT_PROTOTYPES = YES;
				CLANG_WARN_SUSPICIOUS_MOVE = YES;
				CLANG_WARN_UNGUARDED_AVAILABILITY = YES_AGGRESSIVE;
				CLANG_WARN_UNREACHABLE_CODE = YES;
				CLANG_WARN__DUPLICATE_METHOD_MATCH = YES;
				COPY_PHASE_STRIP = NO;
				DEBUG_INFORMATION_FORMAT = dwarf;
				DEVELOPMENT_TEAM = HH3HK5PWM3;
				ENABLE_STRICT_OBJC_MSGSEND = YES;
				ENABLE_TESTABILITY = YES;
				ENABLE_USER_SCRIPT_SANDBOXING = YES;
				GCC_C_LANGUAGE_STANDARD = gnu17;
				GCC_DYNAMIC_NO_PIC = NO;
				GCC_NO_COMMON_BLOCKS = YES;
				GCC_OPTIMIZATION_LEVEL = 0;
				GCC_PREPROCESSOR_DEFINITIONS = (
					"DEBUG=1",
					"$(inherited)",
				);
				GCC_WARN_64_TO_32_BIT_CONVERSION = YES;
				GCC_WARN_ABOUT_RETURN_TYPE = YES_ERROR;
				GCC_WARN_UNDECLARED_SELECTOR = YES;
				GCC_WARN_UNINITIALIZED_AUTOS = YES_AGGRESSIVE;
				GCC_WARN_UNUSED_FUNCTION = YES;
				GCC_WARN_UNUSED_VARIABLE = YES;
				IPHONEOS_DEPLOYMENT_TARGET = 27.0;
				LOCALIZATION_PREFERS_STRING_CATALOGS = YES;
				MTL_ENABLE_DEBUG_INFO = INCLUDE_SOURCE;
				MTL_FAST_MATH = YES;
				ONLY_ACTIVE_ARCH = YES;
				SDKROOT = iphoneos;
				SWIFT_ACTIVE_COMPILATION_CONDITIONS = "DEBUG $(inherited)";
				SWIFT_OPTIMIZATION_LEVEL = "-Onone";
			};
			name = Debug;
		};
		3F35606F301249A5000FF498 /* Release configuration for PBXProject "Poof" */ = {
			isa = XCBuildConfiguration;
			buildSettings = {
				ALWAYS_SEARCH_USER_PATHS = NO;
				ASSETCATALOG_COMPILER_GENERATE_SWIFT_ASSET_SYMBOL_EXTENSIONS = YES;
				CLANG_ANALYZER_NONNULL = YES;
				CLANG_ANALYZER_NUMBER_OBJECT_CONVERSION = YES_AGGRESSIVE;
				CLANG_CXX_LANGUAGE_STANDARD = "gnu++20";
				CLANG_ENABLE_MODULES = YES;
				CLANG_ENABLE_OBJC_ARC = YES;
				CLANG_ENABLE_OBJC_WEAK = YES;
				CLANG_WARN_BLOCK_CAPTURE_AUTORELEASING = YES;
				CLANG_WARN_BOOL_CONVERSION = YES;
				CLANG_WARN_COMMA = YES;
				CLANG_WARN_CONSTANT_CONVERSION = YES;
				CLANG_WARN_DEPRECATED_OBJC_IMPLEMENTATIONS = YES;
				CLANG_WARN_DIRECT_OBJC_ISA_USAGE = YES_ERROR;
				CLANG_WARN_DOCUMENTATION_COMMENTS = YES;
				CLANG_WARN_EMPTY_BODY = YES;
				CLANG_WARN_ENUM_CONVERSION = YES;
				CLANG_WARN_INFINITE_RECURSION = YES;
				CLANG_WARN_INT_CONVERSION = YES;
				CLANG_WARN_NON_LITERAL_NULL_CONVERSION = YES;
				CLANG_WARN_OBJC_IMPLICIT_RETAIN_SELF = YES;
				CLANG_WARN_OBJC_LITERAL_CONVERSION = YES;
				CLANG_WARN_OBJC_ROOT_CLASS = YES_ERROR;
				CLANG_WARN_QUOTED_INCLUDE_IN_FRAMEWORK_HEADER = YES;
				CLANG_WARN_RANGE_LOOP_ANALYSIS = YES;
				CLANG_WARN_STRICT_PROTOTYPES = YES;
				CLANG_WARN_SUSPICIOUS_MOVE = YES;
				CLANG_WARN_UNGUARDED_AVAILABILITY = YES_AGGRESSIVE;
				CLANG_WARN_UNREACHABLE_CODE = YES;
				CLANG_WARN__DUPLICATE_METHOD_MATCH = YES;
				COPY_PHASE_STRIP = NO;
				DEBUG_INFORMATION_FORMAT = "dwarf-with-dsym";
				DEVELOPMENT_TEAM = HH3HK5PWM3;
				ENABLE_NS_ASSERTIONS = NO;
				ENABLE_STRICT_OBJC_MSGSEND = YES;
				ENABLE_USER_SCRIPT_SANDBOXING = YES;
				GCC_C_LANGUAGE_STANDARD = gnu17;
				GCC_NO_COMMON_BLOCKS = YES;
				GCC_WARN_64_TO_32_BIT_CONVERSION = YES;
				GCC_WARN_ABOUT_RETURN_TYPE = YES_ERROR;
				GCC_WARN_UNDECLARED_SELECTOR = YES;
				GCC_WARN_UNINITIALIZED_AUTOS = YES_AGGRESSIVE;
				GCC_WARN_UNUSED_FUNCTION = YES;
				GCC_WARN_UNUSED_VARIABLE = YES;
				IPHONEOS_DEPLOYMENT_TARGET = 27.0;
				LOCALIZATION_PREFERS_STRING_CATALOGS = YES;
				MTL_ENABLE_DEBUG_INFO = NO;
				MTL_FAST_MATH = YES;
				SDKROOT = iphoneos;
				SWIFT_COMPILATION_MODE = wholemodule;
				VALIDATE_PRODUCT = YES;
			};
			name = Release;
		};
		3F356071301249A5000FF498 /* Debug configuration for PBXNativeTarget "Poof" */ = {
			isa = XCBuildConfiguration;
			buildSettings = {
				ASSETCATALOG_COMPILER_APPICON_NAME = AppIcon;
				ASSETCATALOG_COMPILER_GLOBAL_ACCENT_COLOR_NAME = AccentColor;
				CODE_SIGN_ENTITLEMENTS = Poof.entitlements;
				CODE_SIGN_STYLE = Automatic;
				CURRENT_PROJECT_VERSION = 1;
				DEVELOPMENT_TEAM = V7ZG4CJTB7;
				ENABLE_PREVIEWS = YES;
				ENABLE_USER_SCRIPT_SANDBOXING = NO;
				GENERATE_INFOPLIST_FILE = NO;
				INFOPLIST_FILE = "Poof-Info.plist";
				LD_RUNPATH_SEARCH_PATHS = (
					"$(inherited)",
					"@executable_path/Frameworks",
				);
				MARKETING_VERSION = 1.0;
				PRODUCT_BUNDLE_IDENTIFIER = com.Poof.App.Poof;
				PRODUCT_NAME = "$(TARGET_NAME)";
				STRING_CATALOG_GENERATE_SYMBOLS = YES;
				SWIFT_APPROACHABLE_CONCURRENCY = YES;
				SWIFT_DEFAULT_ACTOR_ISOLATION = MainActor;
				SWIFT_EMIT_LOC_STRINGS = YES;
				SWIFT_UPCOMING_FEATURE_MEMBER_IMPORT_VISIBILITY = YES;
				SWIFT_VERSION = 5.0;
				TARGETED_DEVICE_FAMILY = "1,2";
			};
			name = Debug;
		};
		3F356072301249A5000FF498 /* Release configuration for PBXNativeTarget "Poof" */ = {
			isa = XCBuildConfiguration;
			buildSettings = {
				ASSETCATALOG_COMPILER_APPICON_NAME = AppIcon;
				ASSETCATALOG_COMPILER_GLOBAL_ACCENT_COLOR_NAME = AccentColor;
				CODE_SIGN_ENTITLEMENTS = Poof.entitlements;
				CODE_SIGN_STYLE = Automatic;
				CURRENT_PROJECT_VERSION = 1;
				DEVELOPMENT_TEAM = V7ZG4CJTB7;
				ENABLE_PREVIEWS = YES;
				ENABLE_USER_SCRIPT_SANDBOXING = NO;
				GENERATE_INFOPLIST_FILE = NO;
				INFOPLIST_FILE = "Poof-Info.plist";
				LD_RUNPATH_SEARCH_PATHS = (
					"$(inherited)",
					"@executable_path/Frameworks",
				);
				MARKETING_VERSION = 1.0;
				PRODUCT_BUNDLE_IDENTIFIER = com.Poof.App.Poof;
				PRODUCT_NAME = "$(TARGET_NAME)";
				STRING_CATALOG_GENERATE_SYMBOLS = YES;
				SWIFT_APPROACHABLE_CONCURRENCY = YES;
				SWIFT_DEFAULT_ACTOR_ISOLATION = MainActor;
				SWIFT_EMIT_LOC_STRINGS = YES;
				SWIFT_UPCOMING_FEATURE_MEMBER_IMPORT_VISIBILITY = YES;
				SWIFT_VERSION = 5.0;
				TARGETED_DEVICE_FAMILY = "1,2";
			};
			name = Release;
		};
		3FFC612F30226C0300B513EF /* Debug configuration for PBXNativeTarget "PoofMac" */ = {
			isa = XCBuildConfiguration;
			buildSettings = {
				ASSETCATALOG_COMPILER_APPICON_NAME = AppIcon;
				ASSETCATALOG_COMPILER_GLOBAL_ACCENT_COLOR_NAME = AccentColor;
				CODE_SIGN_ENTITLEMENTS = PoofMac.entitlements;
				CODE_SIGN_STYLE = Automatic;
				COMBINE_HIDPI_IMAGES = YES;
				CURRENT_PROJECT_VERSION = 1;
				DEVELOPMENT_TEAM = V7ZG4CJTB7;
				ENABLE_APP_SANDBOX = YES;
				ENABLE_HARDENED_RUNTIME = YES;
				ENABLE_PREVIEWS = YES;
				ENABLE_USER_SELECTED_FILES = readwrite;
				GENERATE_INFOPLIST_FILE = NO;
				INFOPLIST_FILE = "PoofMac-Info.plist";
				INFOPLIST_KEY_NSHumanReadableCopyright = "";
				LD_RUNPATH_SEARCH_PATHS = (
					"$(inherited)",
					"@executable_path/../Frameworks",
				);
				MACOSX_DEPLOYMENT_TARGET = 27.0;
				MARKETING_VERSION = 1.0;
				PRODUCT_BUNDLE_IDENTIFIER = com.Poof.App.PoofMac;
				PRODUCT_NAME = "$(TARGET_NAME)";
				REGISTER_APP_GROUPS = YES;
				SDKROOT = macosx;
				STRING_CATALOG_GENERATE_SYMBOLS = YES;
				SWIFT_APPROACHABLE_CONCURRENCY = YES;
				SWIFT_DEFAULT_ACTOR_ISOLATION = MainActor;
				SWIFT_EMIT_LOC_STRINGS = YES;
				SWIFT_UPCOMING_FEATURE_MEMBER_IMPORT_VISIBILITY = YES;
				SWIFT_VERSION = 5.0;
			};
			name = Debug;
		};
		3FFC613030226C0300B513EF /* Release configuration for PBXNativeTarget "PoofMac" */ = {
			isa = XCBuildConfiguration;
			buildSettings = {
				ASSETCATALOG_COMPILER_APPICON_NAME = AppIcon;
				ASSETCATALOG_COMPILER_GLOBAL_ACCENT_COLOR_NAME = AccentColor;
				CODE_SIGN_ENTITLEMENTS = PoofMac.entitlements;
				CODE_SIGN_STYLE = Automatic;
				COMBINE_HIDPI_IMAGES = YES;
				CURRENT_PROJECT_VERSION = 1;
				DEVELOPMENT_TEAM = V7ZG4CJTB7;
				ENABLE_APP_SANDBOX = YES;
				ENABLE_HARDENED_RUNTIME = YES;
				ENABLE_PREVIEWS = YES;
				ENABLE_USER_SELECTED_FILES = readwrite;
				GENERATE_INFOPLIST_FILE = NO;
				INFOPLIST_FILE = "PoofMac-Info.plist";
				INFOPLIST_KEY_NSHumanReadableCopyright = "";
				LD_RUNPATH_SEARCH_PATHS = (
					"$(inherited)",
					"@executable_path/../Frameworks",
				);
				MACOSX_DEPLOYMENT_TARGET = 27.0;
				MARKETING_VERSION = 1.0;
				PRODUCT_BUNDLE_IDENTIFIER = com.Poof.App.PoofMac;
				PRODUCT_NAME = "$(TARGET_NAME)";
				REGISTER_APP_GROUPS = YES;
				SDKROOT = macosx;
				STRING_CATALOG_GENERATE_SYMBOLS = YES;
				SWIFT_APPROACHABLE_CONCURRENCY = YES;
				SWIFT_DEFAULT_ACTOR_ISOLATION = MainActor;
				SWIFT_EMIT_LOC_STRINGS = YES;
				SWIFT_UPCOMING_FEATURE_MEMBER_IMPORT_VISIBILITY = YES;
				SWIFT_VERSION = 5.0;
			};
			name = Release;
		};
		4A00000000000000000000E9 /* Debug configuration for PBXNativeTarget "ShareExtension" */ = {
			isa = XCBuildConfiguration;
			buildSettings = {
				CODE_SIGN_ENTITLEMENTS = ShareExtension.entitlements;
				CODE_SIGN_STYLE = Automatic;
				CURRENT_PROJECT_VERSION = 1;
				DEVELOPMENT_TEAM = V7ZG4CJTB7;
				GENERATE_INFOPLIST_FILE = NO;
				INFOPLIST_FILE = "ShareExtension-Info.plist";
				IPHONEOS_DEPLOYMENT_TARGET = 27.0;
				LD_RUNPATH_SEARCH_PATHS = (
					"$(inherited)",
					"@executable_path/Frameworks",
					"@executable_path/../../Frameworks",
				);
				MARKETING_VERSION = 1.0;
				PRODUCT_BUNDLE_IDENTIFIER = com.Poof.App.Poof.ShareExtension;
				PRODUCT_NAME = "$(TARGET_NAME)";
				SKIP_INSTALL = YES;
				SWIFT_APPROACHABLE_CONCURRENCY = YES;
				SWIFT_DEFAULT_ACTOR_ISOLATION = MainActor;
				SWIFT_EMIT_LOC_STRINGS = YES;
				SWIFT_UPCOMING_FEATURE_MEMBER_IMPORT_VISIBILITY = YES;
				SWIFT_VERSION = 5.0;
				TARGETED_DEVICE_FAMILY = "1,2";
			};
			name = Debug;
		};
		4A00000000000000000000EA /* Release configuration for PBXNativeTarget "ShareExtension" */ = {
			isa = XCBuildConfiguration;
			buildSettings = {
				CODE_SIGN_ENTITLEMENTS = ShareExtension.entitlements;
				CODE_SIGN_STYLE = Automatic;
				CURRENT_PROJECT_VERSION = 1;
				DEVELOPMENT_TEAM = V7ZG4CJTB7;
				GENERATE_INFOPLIST_FILE = NO;
				INFOPLIST_FILE = "ShareExtension-Info.plist";
				IPHONEOS_DEPLOYMENT_TARGET = 27.0;
				LD_RUNPATH_SEARCH_PATHS = (
					"$(inherited)",
					"@executable_path/Frameworks",
					"@executable_path/../../Frameworks",
				);
				MARKETING_VERSION = 1.0;
				PRODUCT_BUNDLE_IDENTIFIER = com.Poof.App.Poof.ShareExtension;
				PRODUCT_NAME = "$(TARGET_NAME)";
				SKIP_INSTALL = YES;
				SWIFT_APPROACHABLE_CONCURRENCY = YES;
				SWIFT_DEFAULT_ACTOR_ISOLATION = MainActor;
				SWIFT_EMIT_LOC_STRINGS = YES;
				SWIFT_UPCOMING_FEATURE_MEMBER_IMPORT_VISIBILITY = YES;
				SWIFT_VERSION = 5.0;
				TARGETED_DEVICE_FAMILY = "1,2";
			};
			name = Release;
		};
		4C00000000000000000000E9 /* Debug configuration for PBXNativeTarget "PoofWidgets" */ = {
			isa = XCBuildConfiguration;
			buildSettings = {
				CODE_SIGN_ENTITLEMENTS = PoofWidgets.entitlements;
				CODE_SIGN_STYLE = Automatic;
				CURRENT_PROJECT_VERSION = 1;
				DEVELOPMENT_TEAM = V7ZG4CJTB7;
				GENERATE_INFOPLIST_FILE = NO;
				INFOPLIST_FILE = "PoofWidgets-Info.plist";
				IPHONEOS_DEPLOYMENT_TARGET = 27.0;
				LD_RUNPATH_SEARCH_PATHS = (
					"$(inherited)",
					"@executable_path/Frameworks",
					"@executable_path/../../Frameworks",
				);
				MARKETING_VERSION = 1.0;
				PRODUCT_BUNDLE_IDENTIFIER = com.Poof.App.Poof.PoofWidgets;
				PRODUCT_NAME = "$(TARGET_NAME)";
				SKIP_INSTALL = YES;
				SWIFT_APPROACHABLE_CONCURRENCY = YES;
				SWIFT_DEFAULT_ACTOR_ISOLATION = MainActor;
				SWIFT_EMIT_LOC_STRINGS = YES;
				SWIFT_UPCOMING_FEATURE_MEMBER_IMPORT_VISIBILITY = YES;
				SWIFT_VERSION = 5.0;
				TARGETED_DEVICE_FAMILY = "1,2";
			};
			name = Debug;
		};
		4C00000000000000000000EA /* Release configuration for PBXNativeTarget "PoofWidgets" */ = {
			isa = XCBuildConfiguration;
			buildSettings = {
				CODE_SIGN_ENTITLEMENTS = PoofWidgets.entitlements;
				CODE_SIGN_STYLE = Automatic;
				CURRENT_PROJECT_VERSION = 1;
				DEVELOPMENT_TEAM = V7ZG4CJTB7;
				GENERATE_INFOPLIST_FILE = NO;
				INFOPLIST_FILE = "PoofWidgets-Info.plist";
				IPHONEOS_DEPLOYMENT_TARGET = 27.0;
				LD_RUNPATH_SEARCH_PATHS = (
					"$(inherited)",
					"@executable_path/Frameworks",
					"@executable_path/../../Frameworks",
				);
				MARKETING_VERSION = 1.0;
				PRODUCT_BUNDLE_IDENTIFIER = com.Poof.App.Poof.PoofWidgets;
				PRODUCT_NAME = "$(TARGET_NAME)";
				SKIP_INSTALL = YES;
				SWIFT_APPROACHABLE_CONCURRENCY = YES;
				SWIFT_DEFAULT_ACTOR_ISOLATION = MainActor;
				SWIFT_EMIT_LOC_STRINGS = YES;
				SWIFT_UPCOMING_FEATURE_MEMBER_IMPORT_VISIBILITY = YES;
				SWIFT_VERSION = 5.0;
				TARGETED_DEVICE_FAMILY = "1,2";
			};
			name = Release;
		};
/* End XCBuildConfiguration section */

/* Begin XCConfigurationList section */
		3F356060301249A4000FF498 /* Build configuration list for PBXProject "Poof" */ = {
			isa = XCConfigurationList;
			buildConfigurations = (
				3F35606E301249A5000FF498 /* Debug configuration for PBXProject "Poof" */,
				3F35606F301249A5000FF498 /* Release configuration for PBXProject "Poof" */,
			);
			defaultConfigurationName = Release;
		};
		3F356070301249A5000FF498 /* Build configuration list for PBXNativeTarget "Poof" */ = {
			isa = XCConfigurationList;
			buildConfigurations = (
				3F356071301249A5000FF498 /* Debug configuration for PBXNativeTarget "Poof" */,
				3F356072301249A5000FF498 /* Release configuration for PBXNativeTarget "Poof" */,
			);
			defaultConfigurationName = Release;
		};
		3FFC612E30226C0300B513EF /* Build configuration list for PBXNativeTarget "PoofMac" */ = {
			isa = XCConfigurationList;
			buildConfigurations = (
				3FFC612F30226C0300B513EF /* Debug configuration for PBXNativeTarget "PoofMac" */,
				3FFC613030226C0300B513EF /* Release configuration for PBXNativeTarget "PoofMac" */,
			);
			defaultConfigurationName = Release;
		};
		4A00000000000000000000EB /* Build configuration list for PBXNativeTarget "ShareExtension" */ = {
			isa = XCConfigurationList;
			buildConfigurations = (
				4A00000000000000000000E9 /* Debug configuration for PBXNativeTarget "ShareExtension" */,
				4A00000000000000000000EA /* Release configuration for PBXNativeTarget "ShareExtension" */,
			);
			defaultConfigurationName = Release;
		};
		4C00000000000000000000EB /* Build configuration list for PBXNativeTarget "PoofWidgets" */ = {
			isa = XCConfigurationList;
			buildConfigurations = (
				4C00000000000000000000E9 /* Debug configuration for PBXNativeTarget "PoofWidgets" */,
				4C00000000000000000000EA /* Release configuration for PBXNativeTarget "PoofWidgets" */,
			);
			defaultConfigurationName = Release;
		};
/* End XCConfigurationList section */

/* Begin XCRemoteSwiftPackageReference section */
		3FA0000000000000000000B1 /* XCRemoteSwiftPackageReference "WebRTC" */ = {
			isa = XCRemoteSwiftPackageReference;
			repositoryURL = "https://github.com/stasel/WebRTC";
			requirement = {
				kind = upToNextMajorVersion;
				minimumVersion = 137.0.0;
			};
		};
		3FA0000000000000000000B2 /* XCRemoteSwiftPackageReference "socket" */ = {
			isa = XCRemoteSwiftPackageReference;
			repositoryURL = "https://github.com/socketio/socket.io-client-swift";
			requirement = {
				kind = upToNextMajorVersion;
				minimumVersion = 16.1.0;
			};
		};
/* End XCRemoteSwiftPackageReference section */

/* Begin XCSwiftPackageProductDependency section */
		3FA0000000000000000000C1 /* WebRTC */ = {
			isa = XCSwiftPackageProductDependency;
			package = 3FA0000000000000000000B1 /* XCRemoteSwiftPackageReference "WebRTC" */;
			productName = WebRTC;
		};
		3FA0000000000000000000C2 /* SocketIO */ = {
			isa = XCSwiftPackageProductDependency;
			package = 3FA0000000000000000000B2 /* XCRemoteSwiftPackageReference "socket" */;
			productName = SocketIO;
		};
		3FEEC0DE0000000000000014 /* WebRTC */ = {
			isa = XCSwiftPackageProductDependency;
			package = 3FA0000000000000000000B1 /* XCRemoteSwiftPackageReference "WebRTC" */;
			productName = WebRTC;
		};
		3FEEC0DE0000000000000015 /* SocketIO */ = {
			isa = XCSwiftPackageProductDependency;
			package = 3FA0000000000000000000B2 /* XCRemoteSwiftPackageReference "socket" */;
			productName = SocketIO;
		};
/* End XCSwiftPackageProductDependency section */
	};
	rootObject = 3F35605D301249A4000FF498 /* Project object */;
	validationLevel = 1;
}
